
Microsoft Visual Studio Solution File, Format Version 12.00
# Visual Studio 15
VisualStudioVersion = 15.0.26124.0
MinimumVisualStudioVersion = 15.0.26124.0
Project("{2150E333-8FDC-42A3-9474-1A3956D46DE8}") = "test", "test", "{0BA35077-B0DD-456F-9A2E-C4EBD0F253B2}"
EndProject
Project("{9A19103F-16F7-4668-BE54-9A1E7A4F7556}") = "Lemonad.ErrorHandling.Test", "test\Lemonad.ErrorHandling.Test\Lemonad.ErrorHandling.Test.csproj", "{4FD96066-65FA-49CF-A0FC-CBFAFF4C82BF}"
EndProject
Project("{2150E333-8FDC-42A3-9474-1A3956D46DE8}") = "src", "src", "{4D2F5D79-BB3D-482A-B328-8E9495DF71A3}"
EndProject
Project("{2150E333-8FDC-42A3-9474-1A3956D46DE8}") = "build", "build", "{A92685BB-F187-4BA9-9CD9-3FBD39A1B109}"
	ProjectSection(SolutionItems) = preProject
		build\build.ps1 = build\build.ps1
	EndProjectSection
EndProject
Project("{9A19103F-16F7-4668-BE54-9A1E7A4F7556}") = "Lemonad.ErrorHandling", "src\Lemonad.ErrorHandling\Lemonad.ErrorHandling.csproj", "{59392C10-CC39-4750-B421-5DC70AEC4C7A}"
EndProject
Project("{9A19103F-16F7-4668-BE54-9A1E7A4F7556}") = "MvcValidation", "samples\MvcValidation\MvcValidation.csproj", "{91C42619-20F7-45F6-98F6-74E671A19C21}"
EndProject
Project("{2150E333-8FDC-42A3-9474-1A3956D46DE8}") = "samples", "samples", "{03FFFAEA-2C89-453B-B210-F4B664504456}"
EndProject
Project("{9A19103F-16F7-4668-BE54-9A1E7A4F7556}") = "ConsoleInputValidation", "samples\ConsoleInputValidation\ConsoleInputValidation.csproj", "{E7E824C2-2008-492B-8F24-02D264792218}"
EndProject
Project("{9A19103F-16F7-4668-BE54-9A1E7A4F7556}") = "ReadFileAsync", "samples\ReadFileAsync\ReadFileAsync.csproj", "{C5C60F00-9764-44BF-9254-AED407AB8817}"
EndProject
Project("{9A19103F-16F7-4668-BE54-9A1E7A4F7556}") = "ImplicitResult", "samples\ImplicitResult\ImplicitResult.csproj", "{4CC4B17B-E3CD-4D84-AB15-160B95019D21}"
EndProject
Project("{9A19103F-16F7-4668-BE54-9A1E7A4F7556}") = "SpecificErrorType", "samples\SpecificErrorType\SpecificErrorType.csproj", "{E67C160E-871E-4C68-9B24-1CDB4CA58BFC}"
EndProject
Project("{9A19103F-16F7-4668-BE54-9A1E7A4F7556}") = "DatabaseManager", "test\Lemonad.ErrorHandling.Integration.Tests\IQueryableTests\DatabaseManager\DatabaseManager.csproj", "{1986EFFC-4D3E-4879-931A-26E3D31B629F}"
EndProject
Project("{9A19103F-16F7-4668-BE54-9A1E7A4F7556}") = "EntityFramework", "test\Lemonad.ErrorHandling.Integration.Tests\IQueryableTests\EntityFramework\EntityFramework.csproj", "{9CEB774D-9547-455B-BD72-6D697D9074F1}"
EndProject
Project("{9A19103F-16F7-4668-BE54-9A1E7A4F7556}") = "IntegrationTests", "test\Lemonad.ErrorHandling.Integration.Tests\IQueryableTests\IntegrationTests\IntegrationTests.csproj", "{2D12CDD7-321E-4C6A-BD46-81359AE94844}"
EndProject
Global
	GlobalSection(SolutionConfigurationPlatforms) = preSolution
		Debug|Any CPU = Debug|Any CPU
		Debug|x64 = Debug|x64
		Debug|x86 = Debug|x86
		Release|Any CPU = Release|Any CPU
		Release|x64 = Release|x64
		Release|x86 = Release|x86
	EndGlobalSection
	GlobalSection(ProjectConfigurationPlatforms) = postSolution
		{4FD96066-65FA-49CF-A0FC-CBFAFF4C82BF}.Debug|Any CPU.ActiveCfg = Debug|Any CPU
		{4FD96066-65FA-49CF-A0FC-CBFAFF4C82BF}.Debug|Any CPU.Build.0 = Debug|Any CPU
		{4FD96066-65FA-49CF-A0FC-CBFAFF4C82BF}.Debug|x64.ActiveCfg = Debug|Any CPU
		{4FD96066-65FA-49CF-A0FC-CBFAFF4C82BF}.Debug|x64.Build.0 = Debug|Any CPU
		{4FD96066-65FA-49CF-A0FC-CBFAFF4C82BF}.Debug|x86.ActiveCfg = Debug|Any CPU
		{4FD96066-65FA-49CF-A0FC-CBFAFF4C82BF}.Debug|x86.Build.0 = Debug|Any CPU
		{4FD96066-65FA-49CF-A0FC-CBFAFF4C82BF}.Release|Any CPU.ActiveCfg = Release|Any CPU
		{4FD96066-65FA-49CF-A0FC-CBFAFF4C82BF}.Release|Any CPU.Build.0 = Release|Any CPU
		{4FD96066-65FA-49CF-A0FC-CBFAFF4C82BF}.Release|x64.ActiveCfg = Release|Any CPU
		{4FD96066-65FA-49CF-A0FC-CBFAFF4C82BF}.Release|x64.Build.0 = Release|Any CPU
		{4FD96066-65FA-49CF-A0FC-CBFAFF4C82BF}.Release|x86.ActiveCfg = Release|Any CPU
		{4FD96066-65FA-49CF-A0FC-CBFAFF4C82BF}.Release|x86.Build.0 = Release|Any CPU
		{59392C10-CC39-4750-B421-5DC70AEC4C7A}.Debug|Any CPU.ActiveCfg = Debug|Any CPU
		{59392C10-CC39-4750-B421-5DC70AEC4C7A}.Debug|Any CPU.Build.0 = Debug|Any CPU
		{59392C10-CC39-4750-B421-5DC70AEC4C7A}.Debug|x64.ActiveCfg = Debug|Any CPU
		{59392C10-CC39-4750-B421-5DC70AEC4C7A}.Debug|x64.Build.0 = Debug|Any CPU
		{59392C10-CC39-4750-B421-5DC70AEC4C7A}.Debug|x86.ActiveCfg = Debug|Any CPU
		{59392C10-CC39-4750-B421-5DC70AEC4C7A}.Debug|x86.Build.0 = Debug|Any CPU
		{59392C10-CC39-4750-B421-5DC70AEC4C7A}.Release|Any CPU.ActiveCfg = Release|Any CPU
		{59392C10-CC39-4750-B421-5DC70AEC4C7A}.Release|Any CPU.Build.0 = Release|Any CPU
		{59392C10-CC39-4750-B421-5DC70AEC4C7A}.Release|x64.ActiveCfg = Release|Any CPU
		{59392C10-CC39-4750-B421-5DC70AEC4C7A}.Release|x64.Build.0 = Release|Any CPU
		{59392C10-CC39-4750-B421-5DC70AEC4C7A}.Release|x86.ActiveCfg = Release|Any CPU
		{59392C10-CC39-4750-B421-5DC70AEC4C7A}.Release|x86.Build.0 = Release|Any CPU
		{91C42619-20F7-45F6-98F6-74E671A19C21}.Debug|Any CPU.ActiveCfg = Debug|Any CPU
		{91C42619-20F7-45F6-98F6-74E671A19C21}.Debug|Any CPU.Build.0 = Debug|Any CPU
		{91C42619-20F7-45F6-98F6-74E671A19C21}.Debug|x64.ActiveCfg = Debug|Any CPU
		{91C42619-20F7-45F6-98F6-74E671A19C21}.Debug|x64.Build.0 = Debug|Any CPU
		{91C42619-20F7-45F6-98F6-74E671A19C21}.Debug|x86.ActiveCfg = Debug|Any CPU
		{91C42619-20F7-45F6-98F6-74E671A19C21}.Debug|x86.Build.0 = Debug|Any CPU
		{91C42619-20F7-45F6-98F6-74E671A19C21}.Release|Any CPU.ActiveCfg = Release|Any CPU
		{91C42619-20F7-45F6-98F6-74E671A19C21}.Release|Any CPU.Build.0 = Release|Any CPU
		{91C42619-20F7-45F6-98F6-74E671A19C21}.Release|x64.ActiveCfg = Release|Any CPU
		{91C42619-20F7-45F6-98F6-74E671A19C21}.Release|x64.Build.0 = Release|Any CPU
		{91C42619-20F7-45F6-98F6-74E671A19C21}.Release|x86.ActiveCfg = Release|Any CPU
		{91C42619-20F7-45F6-98F6-74E671A19C21}.Release|x86.Build.0 = Release|Any CPU
		{E7E824C2-2008-492B-8F24-02D264792218}.Debug|Any CPU.ActiveCfg = Debug|Any CPU
		{E7E824C2-2008-492B-8F24-02D264792218}.Debug|Any CPU.Build.0 = Debug|Any CPU
		{E7E824C2-2008-492B-8F24-02D264792218}.Debug|x64.ActiveCfg = Debug|Any CPU
		{E7E824C2-2008-492B-8F24-02D264792218}.Debug|x64.Build.0 = Debug|Any CPU
		{E7E824C2-2008-492B-8F24-02D264792218}.Debug|x86.ActiveCfg = Debug|Any CPU
		{E7E824C2-2008-492B-8F24-02D264792218}.Debug|x86.Build.0 = Debug|Any CPU
		{E7E824C2-2008-492B-8F24-02D264792218}.Release|Any CPU.ActiveCfg = Release|Any CPU
		{E7E824C2-2008-492B-8F24-02D264792218}.Release|Any CPU.Build.0 = Release|Any CPU
		{E7E824C2-2008-492B-8F24-02D264792218}.Release|x64.ActiveCfg = Release|Any CPU
		{E7E824C2-2008-492B-8F24-02D264792218}.Release|x64.Build.0 = Release|Any CPU
		{E7E824C2-2008-492B-8F24-02D264792218}.Release|x86.ActiveCfg = Release|Any CPU
		{E7E824C2-2008-492B-8F24-02D264792218}.Release|x86.Build.0 = Release|Any CPU
		{C5C60F00-9764-44BF-9254-AED407AB8817}.Debug|Any CPU.ActiveCfg = Debug|Any CPU
		{C5C60F00-9764-44BF-9254-AED407AB8817}.Debug|Any CPU.Build.0 = Debug|Any CPU
		{C5C60F00-9764-44BF-9254-AED407AB8817}.Debug|x64.ActiveCfg = Debug|Any CPU
		{C5C60F00-9764-44BF-9254-AED407AB8817}.Debug|x64.Build.0 = Debug|Any CPU
		{C5C60F00-9764-44BF-9254-AED407AB8817}.Debug|x86.ActiveCfg = Debug|Any CPU
		{C5C60F00-9764-44BF-9254-AED407AB8817}.Debug|x86.Build.0 = Debug|Any CPU
		{C5C60F00-9764-44BF-9254-AED407AB8817}.Release|Any CPU.ActiveCfg = Release|Any CPU
		{C5C60F00-9764-44BF-9254-AED407AB8817}.Release|Any CPU.Build.0 = Release|Any CPU
		{C5C60F00-9764-44BF-9254-AED407AB8817}.Release|x64.ActiveCfg = Release|Any CPU
		{C5C60F00-9764-44BF-9254-AED407AB8817}.Release|x64.Build.0 = Release|Any CPU
		{C5C60F00-9764-44BF-9254-AED407AB8817}.Release|x86.ActiveCfg = Release|Any CPU
		{C5C60F00-9764-44BF-9254-AED407AB8817}.Release|x86.Build.0 = Release|Any CPU
		{4CC4B17B-E3CD-4D84-AB15-160B95019D21}.Debug|Any CPU.ActiveCfg = Debug|Any CPU
		{4CC4B17B-E3CD-4D84-AB15-160B95019D21}.Debug|Any CPU.Build.0 = Debug|Any CPU
		{4CC4B17B-E3CD-4D84-AB15-160B95019D21}.Debug|x64.ActiveCfg = Debug|Any CPU
		{4CC4B17B-E3CD-4D84-AB15-160B95019D21}.Debug|x64.Build.0 = Debug|Any CPU
		{4CC4B17B-E3CD-4D84-AB15-160B95019D21}.Debug|x86.ActiveCfg = Debug|Any CPU
		{4CC4B17B-E3CD-4D84-AB15-160B95019D21}.Debug|x86.Build.0 = Debug|Any CPU
		{4CC4B17B-E3CD-4D84-AB15-160B95019D21}.Release|Any CPU.ActiveCfg = Release|Any CPU
		{4CC4B17B-E3CD-4D84-AB15-160B95019D21}.Release|Any CPU.Build.0 = Release|Any CPU
		{4CC4B17B-E3CD-4D84-AB15-160B95019D21}.Release|x64.ActiveCfg = Release|Any CPU
		{4CC4B17B-E3CD-4D84-AB15-160B95019D21}.Release|x64.Build.0 = Release|Any CPU
		{4CC4B17B-E3CD-4D84-AB15-160B95019D21}.Release|x86.ActiveCfg = Release|Any CPU
		{4CC4B17B-E3CD-4D84-AB15-160B95019D21}.Release|x86.Build.0 = Release|Any CPU
		{E67C160E-871E-4C68-9B24-1CDB4CA58BFC}.Debug|Any CPU.ActiveCfg = Debug|Any CPU
		{E67C160E-871E-4C68-9B24-1CDB4CA58BFC}.Debug|Any CPU.Build.0 = Debug|Any CPU
		{E67C160E-871E-4C68-9B24-1CDB4CA58BFC}.Debug|x64.ActiveCfg = Debug|Any CPU
		{E67C160E-871E-4C68-9B24-1CDB4CA58BFC}.Debug|x64.Build.0 = Debug|Any CPU
		{E67C160E-871E-4C68-9B24-1CDB4CA58BFC}.Debug|x86.ActiveCfg = Debug|Any CPU
		{E67C160E-871E-4C68-9B24-1CDB4CA58BFC}.Debug|x86.Build.0 = Debug|Any CPU
		{E67C160E-871E-4C68-9B24-1CDB4CA58BFC}.Release|Any CPU.ActiveCfg = Release|Any CPU
		{E67C160E-871E-4C68-9B24-1CDB4CA58BFC}.Release|Any CPU.Build.0 = Release|Any CPU
		{E67C160E-871E-4C68-9B24-1CDB4CA58BFC}.Release|x64.ActiveCfg = Release|Any CPU
		{E67C160E-871E-4C68-9B24-1CDB4CA58BFC}.Release|x64.Build.0 = Release|Any CPU
		{E67C160E-871E-4C68-9B24-1CDB4CA58BFC}.Release|x86.ActiveCfg = Release|Any CPU
		{E67C160E-871E-4C68-9B24-1CDB4CA58BFC}.Release|x86.Build.0 = Release|Any CPU
		{1986EFFC-4D3E-4879-931A-26E3D31B629F}.Debug|Any CPU.ActiveCfg = Debug|Any CPU
		{1986EFFC-4D3E-4879-931A-26E3D31B629F}.Debug|Any CPU.Build.0 = Debug|Any CPU
		{1986EFFC-4D3E-4879-931A-26E3D31B629F}.Debug|x64.ActiveCfg = Debug|Any CPU
		{1986EFFC-4D3E-4879-931A-26E3D31B629F}.Debug|x64.Build.0 = Debug|Any CPU
		{1986EFFC-4D3E-4879-931A-26E3D31B629F}.Debug|x86.ActiveCfg = Debug|Any CPU
		{1986EFFC-4D3E-4879-931A-26E3D31B629F}.Debug|x86.Build.0 = Debug|Any CPU
		{1986EFFC-4D3E-4879-931A-26E3D31B629F}.Release|Any CPU.ActiveCfg = Release|Any CPU
		{1986EFFC-4D3E-4879-931A-26E3D31B629F}.Release|Any CPU.Build.0 = Release|Any CPU
		{1986EFFC-4D3E-4879-931A-26E3D31B629F}.Release|x64.ActiveCfg = Release|Any CPU
		{1986EFFC-4D3E-4879-931A-26E3D31B629F}.Release|x64.Build.0 = Release|Any CPU
		{1986EFFC-4D3E-4879-931A-26E3D31B629F}.Release|x86.ActiveCfg = Release|Any CPU
		{1986EFFC-4D3E-4879-931A-26E3D31B629F}.Release|x86.Build.0 = Release|Any CPU
		{9CEB774D-9547-455B-BD72-6D697D9074F1}.Debug|Any CPU.ActiveCfg = Debug|Any CPU
		{9CEB774D-9547-455B-BD72-6D697D9074F1}.Debug|Any CPU.Build.0 = Debug|Any CPU
		{9CEB774D-9547-455B-BD72-6D697D9074F1}.Debug|x64.ActiveCfg = Debug|Any CPU
		{9CEB774D-9547-455B-BD72-6D697D9074F1}.Debug|x64.Build.0 = Debug|Any CPU
		{9CEB774D-9547-455B-BD72-6D697D9074F1}.Debug|x86.ActiveCfg = Debug|Any CPU
		{9CEB774D-9547-455B-BD72-6D697D9074F1}.Debug|x86.Build.0 = Debug|Any CPU
		{9CEB774D-9547-455B-BD72-6D697D9074F1}.Release|Any CPU.ActiveCfg = Release|Any CPU
		{9CEB774D-9547-455B-BD72-6D697D9074F1}.Release|Any CPU.Build.0 = Release|Any CPU
		{9CEB774D-9547-455B-BD72-6D697D9074F1}.Release|x64.ActiveCfg = Release|Any CPU
		{9CEB774D-9547-455B-BD72-6D697D9074F1}.Release|x64.Build.0 = Release|Any CPU
		{9CEB774D-9547-455B-BD72-6D697D9074F1}.Release|x86.ActiveCfg = Release|Any CPU
		{9CEB774D-9547-455B-BD72-6D697D9074F1}.Release|x86.Build.0 = Release|Any CPU
		{2D12CDD7-321E-4C6A-BD46-81359AE94844}.Debug|Any CPU.ActiveCfg = Debug|Any CPU
		{2D12CDD7-321E-4C6A-BD46-81359AE94844}.Debug|Any CPU.Build.0 = Debug|Any CPU
		{2D12CDD7-321E-4C6A-BD46-81359AE94844}.Debug|x64.ActiveCfg = Debug|Any CPU
		{2D12CDD7-321E-4C6A-BD46-81359AE94844}.Debug|x64.Build.0 = Debug|Any CPU
		{2D12CDD7-321E-4C6A-BD46-81359AE94844}.Debug|x86.ActiveCfg = Debug|Any CPU
		{2D12CDD7-321E-4C6A-BD46-81359AE94844}.Debug|x86.Build.0 = Debug|Any CPU
		{2D12CDD7-321E-4C6A-BD46-81359AE94844}.Release|Any CPU.ActiveCfg = Release|Any CPU
		{2D12CDD7-321E-4C6A-BD46-81359AE94844}.Release|Any CPU.Build.0 = Release|Any CPU
		{2D12CDD7-321E-4C6A-BD46-81359AE94844}.Release|x64.ActiveCfg = Release|Any CPU
		{2D12CDD7-321E-4C6A-BD46-81359AE94844}.Release|x64.Build.0 = Release|Any CPU
		{2D12CDD7-321E-4C6A-BD46-81359AE94844}.Release|x86.ActiveCfg = Release|Any CPU
		{2D12CDD7-321E-4C6A-BD46-81359AE94844}.Release|x86.Build.0 = Release|Any CPU
	EndGlobalSection
	GlobalSection(SolutionProperties) = preSolution
		HideSolutionNode = FALSE
	EndGlobalSection
	GlobalSection(NestedProjects) = preSolution
		{4FD96066-65FA-49CF-A0FC-CBFAFF4C82BF} = {0BA35077-B0DD-456F-9A2E-C4EBD0F253B2}
		{59392C10-CC39-4750-B421-5DC70AEC4C7A} = {4D2F5D79-BB3D-482A-B328-8E9495DF71A3}
		{91C42619-20F7-45F6-98F6-74E671A19C21} = {03FFFAEA-2C89-453B-B210-F4B664504456}
		{E7E824C2-2008-492B-8F24-02D264792218} = {03FFFAEA-2C89-453B-B210-F4B664504456}
		{C5C60F00-9764-44BF-9254-AED407AB8817} = {03FFFAEA-2C89-453B-B210-F4B664504456}
		{4CC4B17B-E3CD-4D84-AB15-160B95019D21} = {03FFFAEA-2C89-453B-B210-F4B664504456}
		{E67C160E-871E-4C68-9B24-1CDB4CA58BFC} = {03FFFAEA-2C89-453B-B210-F4B664504456}
	EndGlobalSection
	GlobalSection(ExtensibilityGlobals) = postSolution
		SolutionGuid = {942AC6F2-4256-4AAA-B28F-23EE5EA28CAD}
	EndGlobalSection
EndGlobal
